
Microsoft Visual Studio Solution File, Format Version 12.00
# Visual Studio Version 17
VisualStudioVersion = 17.2.32630.192
MinimumVisualStudioVersion = 10.0.40219.1
Project("{2150E333-8FDC-42A3-9474-1A3956D46DE8}") = "Business", "Business", "{FFB12D91-7BD4-47A4-8436-B3C61CC87C38}"
EndProject
Project("{9A19103F-16F7-4668-BE54-9A1E7A4F7556}") = "MeetUp.Data", "MeetUp.Data\MeetUp.Data.csproj", "{78659677-0D40-41AE-9B98-9CA4D80CB8F2}"
EndProject
Project("{9A19103F-16F7-4668-BE54-9A1E7A4F7556}") = "MeetUp.Logic", "MeetUp.Logic\MeetUp.Logic.csproj", "{69086BBF-2FF0-4BE2-BE0A-75F6B496093A}"
EndProject
Project("{2150E333-8FDC-42A3-9474-1A3956D46DE8}") = "DB", "DB", "{D3B0B513-2ACC-473E-B411-CDF48872C9C2}"
EndProject
Project("{9A19103F-16F7-4668-BE54-9A1E7A4F7556}") = "MeetUp.Infrastructure", "MeetUp.Infrastructure\MeetUp.Infrastructure.csproj", "{C9D40F3A-8B46-49F7-B18A-922A477BADD8}"
EndProject
Project("{2150E333-8FDC-42A3-9474-1A3956D46DE8}") = "UI", "UI", "{E18B9F81-5A69-4B71-871F-986F5862B046}"
EndProject
Project("{FAE04EC0-301F-11D3-BF4B-00C04F79EFBC}") = "MeetUp.WebApi", "MeetUp.WebApi\MeetUp.WebApi.csproj", "{F7848F7C-6FB6-41C7-AB9A-CCB0FB770440}"
EndProject
Global
	GlobalSection(SolutionConfigurationPlatforms) = preSolution
		Debug|Any CPU = Debug|Any CPU
		Release|Any CPU = Release|Any CPU
	EndGlobalSection
	GlobalSection(ProjectConfigurationPlatforms) = postSolution
		{78659677-0D40-41AE-9B98-9CA4D80CB8F2}.Debug|Any CPU.ActiveCfg = Debug|Any CPU
		{78659677-0D40-41AE-9B98-9CA4D80CB8F2}.Debug|Any CPU.Build.0 = Debug|Any CPU
		{78659677-0D40-41AE-9B98-9CA4D80CB8F2}.Release|Any CPU.ActiveCfg = Release|Any CPU
		{78659677-0D40-41AE-9B98-9CA4D80CB8F2}.Release|Any CPU.Build.0 = Release|Any CPU
		{69086BBF-2FF0-4BE2-BE0A-75F6B496093A}.Debug|Any CPU.ActiveCfg = Debug|Any CPU
		{69086BBF-2FF0-4BE2-BE0A-75F6B496093A}.Debug|Any CPU.Build.0 = Debug|Any CPU
		{69086BBF-2FF0-4BE2-BE0A-75F6B496093A}.Release|Any CPU.ActiveCfg = Release|Any CPU
		{69086BBF-2FF0-4BE2-BE0A-75F6B496093A}.Release|Any CPU.Build.0 = Release|Any CPU
		{C9D40F3A-8B46-49F7-B18A-922A477BADD8}.Debug|Any CPU.ActiveCfg = Debug|Any CPU
		{C9D40F3A-8B46-49F7-B18A-922A477BADD8}.Debug|Any CPU.Build.0 = Debug|Any CPU
		{C9D40F3A-8B46-49F7-B18A-922A477BADD8}.Release|Any CPU.ActiveCfg = Release|Any CPU
		{C9D40F3A-8B46-49F7-B18A-922A477BADD8}.Release|Any CPU.Build.0 = Release|Any CPU
		{F7848F7C-6FB6-41C7-AB9A-CCB0FB770440}.Debug|Any CPU.ActiveCfg = Debug|Any CPU
		{F7848F7C-6FB6-41C7-AB9A-CCB0FB770440}.Debug|Any CPU.Build.0 = Debug|Any CPU
		{F7848F7C-6FB6-41C7-AB9A-CCB0FB770440}.Release|Any CPU.ActiveCfg = Release|Any CPU
		{F7848F7C-6FB6-41C7-AB9A-CCB0FB770440}.Release|Any CPU.Build.0 = Release|Any CPU
	EndGlobalSection
	GlobalSection(SolutionProperties) = preSolution
		HideSolutionNode = FALSE
	EndGlobalSection
	GlobalSection(NestedProjects) = preSolution
		{78659677-0D40-41AE-9B98-9CA4D80CB8F2} = {FFB12D91-7BD4-47A4-8436-B3C61CC87C38}
		{69086BBF-2FF0-4BE2-BE0A-75F6B496093A} = {FFB12D91-7BD4-47A4-8436-B3C61CC87C38}
		{C9D40F3A-8B46-49F7-B18A-922A477BADD8} = {D3B0B513-2ACC-473E-B411-CDF48872C9C2}
		{F7848F7C-6FB6-41C7-AB9A-CCB0FB770440} = {E18B9F81-5A69-4B71-871F-986F5862B046}
	EndGlobalSection
	GlobalSection(ExtensibilityGlobals) = postSolution
		SolutionGuid = {276B7365-0B45-4905-9B9B-FEA8E72D11D3}
	EndGlobalSection
EndGlobal
